// !$*UTF8*$!
{
	archiveVersion = 1;
	classes = {
	};
	objectVersion = 55;
	objects = {

/* Begin PBXBuildFile section */
		580DF2CC435DCE0E397D2395 /* Pods_marvel.framework in Frameworks */ = {isa = PBXBuildFile; fileRef = 6CBE3A184AF11886456C3574 /* Pods_marvel.framework */; };
		8529567827B1567100B35A89 /* AppDelegate.swift in Sources */ = {isa = PBXBuildFile; fileRef = 8529567727B1567100B35A89 /* AppDelegate.swift */; };
		8529567F27B1567100B35A89 /* Main.storyboard in Resources */ = {isa = PBXBuildFile; fileRef = 8529567D27B1567100B35A89 /* Main.storyboard */; };
		8529568227B1567100B35A89 /* marvel.xcdatamodeld in Sources */ = {isa = PBXBuildFile; fileRef = 8529568027B1567100B35A89 /* marvel.xcdatamodeld */; };
		8529568427B1567300B35A89 /* Assets.xcassets in Resources */ = {isa = PBXBuildFile; fileRef = 8529568327B1567300B35A89 /* Assets.xcassets */; };
		8529568727B1567300B35A89 /* LaunchScreen.storyboard in Resources */ = {isa = PBXBuildFile; fileRef = 8529568527B1567300B35A89 /* LaunchScreen.storyboard */; };
		8529569227B1567300B35A89 /* marvelTests.swift in Sources */ = {isa = PBXBuildFile; fileRef = 8529569127B1567300B35A89 /* marvelTests.swift */; };
		8529569C27B1567400B35A89 /* marvelUITests.swift in Sources */ = {isa = PBXBuildFile; fileRef = 8529569B27B1567400B35A89 /* marvelUITests.swift */; };
		8529569E27B1567400B35A89 /* marvelUITestsLaunchTests.swift in Sources */ = {isa = PBXBuildFile; fileRef = 8529569D27B1567400B35A89 /* marvelUITestsLaunchTests.swift */; };
		852956B627B1597A00B35A89 /* ComicsListController.swift in Sources */ = {isa = PBXBuildFile; fileRef = 852956B527B1597A00B35A89 /* ComicsListController.swift */; };
		852956B827B1598900B35A89 /* ComicDetailsController.swift in Sources */ = {isa = PBXBuildFile; fileRef = 852956B727B1598900B35A89 /* ComicDetailsController.swift */; };
		852956BE27B15B6C00B35A89 /* Storyboard.Constants.swift in Sources */ = {isa = PBXBuildFile; fileRef = 852956BD27B15B6C00B35A89 /* Storyboard.Constants.swift */; };
		852956C027B15B8300B35A89 /* Constants.swift in Sources */ = {isa = PBXBuildFile; fileRef = 852956BF27B15B8300B35A89 /* Constants.swift */; };
		852956C327B15C7200B35A89 /* UIViewController.Extensions.swift in Sources */ = {isa = PBXBuildFile; fileRef = 852956C227B15C7200B35A89 /* UIViewController.Extensions.swift */; };
		85DFE62427B31732004DA176 /* ComicCell.swift in Sources */ = {isa = PBXBuildFile; fileRef = 85DFE62227B31732004DA176 /* ComicCell.swift */; };
		85DFE62527B31732004DA176 /* ComicCell.xib in Resources */ = {isa = PBXBuildFile; fileRef = 85DFE62327B31732004DA176 /* ComicCell.xib */; };
		85DFE62727B32026004DA176 /* UICollectionView.Extensions.swift in Sources */ = {isa = PBXBuildFile; fileRef = 85DFE62627B32026004DA176 /* UICollectionView.Extensions.swift */; };
		85DFE62927B32067004DA176 /* String.Extensions.swift in Sources */ = {isa = PBXBuildFile; fileRef = 85DFE62827B32067004DA176 /* String.Extensions.swift */; };
/* End PBXBuildFile section */

/* Begin PBXContainerItemProxy section */
		8529568E27B1567300B35A89 /* PBXContainerItemProxy */ = {
			isa = PBXContainerItemProxy;
			containerPortal = 8529566C27B1567100B35A89 /* Project object */;
			proxyType = 1;
			remoteGlobalIDString = 8529567327B1567100B35A89;
			remoteInfo = marvel;
		};
		8529569827B1567400B35A89 /* PBXContainerItemProxy */ = {
			isa = PBXContainerItemProxy;
			containerPortal = 8529566C27B1567100B35A89 /* Project object */;
			proxyType = 1;
			remoteGlobalIDString = 8529567327B1567100B35A89;
			remoteInfo = marvel;
		};
/* End PBXContainerItemProxy section */

/* Begin PBXFileReference section */
		3A6C0B7908BED10754464D79 /* Pods-marvel.debug.xcconfig */ = {isa = PBXFileReference; includeInIndex = 1; lastKnownFileType = text.xcconfig; name = "Pods-marvel.debug.xcconfig"; path = "Target Support Files/Pods-marvel/Pods-marvel.debug.xcconfig"; sourceTree = "<group>"; };
		6CBE3A184AF11886456C3574 /* Pods_marvel.framework */ = {isa = PBXFileReference; explicitFileType = wrapper.framework; includeInIndex = 0; path = Pods_marvel.framework; sourceTree = BUILT_PRODUCTS_DIR; };
		7D823D2D12AD33A6123ADB13 /* Pods-marvel.release.xcconfig */ = {isa = PBXFileReference; includeInIndex = 1; lastKnownFileType = text.xcconfig; name = "Pods-marvel.release.xcconfig"; path = "Target Support Files/Pods-marvel/Pods-marvel.release.xcconfig"; sourceTree = "<group>"; };
		8529567427B1567100B35A89 /* marvel.app */ = {isa = PBXFileReference; explicitFileType = wrapper.application; includeInIndex = 0; path = marvel.app; sourceTree = BUILT_PRODUCTS_DIR; };
		8529567727B1567100B35A89 /* AppDelegate.swift */ = {isa = PBXFileReference; lastKnownFileType = sourcecode.swift; path = AppDelegate.swift; sourceTree = "<group>"; };
		8529567E27B1567100B35A89 /* Base */ = {isa = PBXFileReference; lastKnownFileType = file.storyboard; name = Base; path = Base.lproj/Main.storyboard; sourceTree = "<group>"; };
		8529568127B1567100B35A89 /* marvel.xcdatamodel */ = {isa = PBXFileReference; lastKnownFileType = wrapper.xcdatamodel; path = marvel.xcdatamodel; sourceTree = "<group>"; };
		8529568327B1567300B35A89 /* Assets.xcassets */ = {isa = PBXFileReference; lastKnownFileType = folder.assetcatalog; path = Assets.xcassets; sourceTree = "<group>"; };
		8529568627B1567300B35A89 /* Base */ = {isa = PBXFileReference; lastKnownFileType = file.storyboard; name = Base; path = Base.lproj/LaunchScreen.storyboard; sourceTree = "<group>"; };
		8529568827B1567300B35A89 /* Info.plist */ = {isa = PBXFileReference; lastKnownFileType = text.plist.xml; path = Info.plist; sourceTree = "<group>"; };
		8529568D27B1567300B35A89 /* marvelTests.xctest */ = {isa = PBXFileReference; explicitFileType = wrapper.cfbundle; includeInIndex = 0; path = marvelTests.xctest; sourceTree = BUILT_PRODUCTS_DIR; };
		8529569127B1567300B35A89 /* marvelTests.swift */ = {isa = PBXFileReference; lastKnownFileType = sourcecode.swift; path = marvelTests.swift; sourceTree = "<group>"; };
		8529569727B1567400B35A89 /* marvelUITests.xctest */ = {isa = PBXFileReference; explicitFileType = wrapper.cfbundle; includeInIndex = 0; path = marvelUITests.xctest; sourceTree = BUILT_PRODUCTS_DIR; };
		8529569B27B1567400B35A89 /* marvelUITests.swift */ = {isa = PBXFileReference; lastKnownFileType = sourcecode.swift; path = marvelUITests.swift; sourceTree = "<group>"; };
		8529569D27B1567400B35A89 /* marvelUITestsLaunchTests.swift */ = {isa = PBXFileReference; lastKnownFileType = sourcecode.swift; path = marvelUITestsLaunchTests.swift; sourceTree = "<group>"; };
		852956B527B1597A00B35A89 /* ComicsListController.swift */ = {isa = PBXFileReference; lastKnownFileType = sourcecode.swift; path = ComicsListController.swift; sourceTree = "<group>"; };
		852956B727B1598900B35A89 /* ComicDetailsController.swift */ = {isa = PBXFileReference; lastKnownFileType = sourcecode.swift; path = ComicDetailsController.swift; sourceTree = "<group>"; };
		852956BD27B15B6C00B35A89 /* Storyboard.Constants.swift */ = {isa = PBXFileReference; lastKnownFileType = sourcecode.swift; path = Storyboard.Constants.swift; sourceTree = "<group>"; };
		852956BF27B15B8300B35A89 /* Constants.swift */ = {isa = PBXFileReference; lastKnownFileType = sourcecode.swift; path = Constants.swift; sourceTree = "<group>"; };
		852956C227B15C7200B35A89 /* UIViewController.Extensions.swift */ = {isa = PBXFileReference; lastKnownFileType = sourcecode.swift; path = UIViewController.Extensions.swift; sourceTree = "<group>"; };
		85DFE62227B31732004DA176 /* ComicCell.swift */ = {isa = PBXFileReference; lastKnownFileType = sourcecode.swift; path = ComicCell.swift; sourceTree = "<group>"; };
		85DFE62327B31732004DA176 /* ComicCell.xib */ = {isa = PBXFileReference; lastKnownFileType = file.xib; path = ComicCell.xib; sourceTree = "<group>"; };
		85DFE62627B32026004DA176 /* UICollectionView.Extensions.swift */ = {isa = PBXFileReference; lastKnownFileType = sourcecode.swift; path = UICollectionView.Extensions.swift; sourceTree = "<group>"; };
		85DFE62827B32067004DA176 /* String.Extensions.swift */ = {isa = PBXFileReference; lastKnownFileType = sourcecode.swift; path = String.Extensions.swift; sourceTree = "<group>"; };
/* End PBXFileReference section */

/* Begin PBXFrameworksBuildPhase section */
		8529567127B1567100B35A89 /* Frameworks */ = {
			isa = PBXFrameworksBuildPhase;
			buildActionMask = 2147483647;
			files = (
				580DF2CC435DCE0E397D2395 /* Pods_marvel.framework in Frameworks */,
			);
			runOnlyForDeploymentPostprocessing = 0;
		};
		8529568A27B1567300B35A89 /* Frameworks */ = {
			isa = PBXFrameworksBuildPhase;
			buildActionMask = 2147483647;
			files = (
			);
			runOnlyForDeploymentPostprocessing = 0;
		};
		8529569427B1567400B35A89 /* Frameworks */ = {
			isa = PBXFrameworksBuildPhase;
			buildActionMask = 2147483647;
			files = (
			);
			runOnlyForDeploymentPostprocessing = 0;
		};
/* End PBXFrameworksBuildPhase section */

/* Begin PBXGroup section */
		527C8A54EC0FC6DB4D8C8B69 /* Frameworks */ = {
			isa = PBXGroup;
			children = (
				6CBE3A184AF11886456C3574 /* Pods_marvel.framework */,
			);
			name = Frameworks;
			sourceTree = "<group>";
		};
		8529566B27B1567100B35A89 = {
			isa = PBXGroup;
			children = (
				8529567627B1567100B35A89 /* marvel */,
				8529569027B1567300B35A89 /* marvelTests */,
				8529569A27B1567400B35A89 /* marvelUITests */,
				8529567527B1567100B35A89 /* Products */,
				DB3F68180686A3DDCB845DA5 /* Pods */,
				527C8A54EC0FC6DB4D8C8B69 /* Frameworks */,
			);
			sourceTree = "<group>";
		};
		8529567527B1567100B35A89 /* Products */ = {
			isa = PBXGroup;
			children = (
				8529567427B1567100B35A89 /* marvel.app */,
				8529568D27B1567300B35A89 /* marvelTests.xctest */,
				8529569727B1567400B35A89 /* marvelUITests.xctest */,
			);
			name = Products;
			sourceTree = "<group>";
		};
		8529567627B1567100B35A89 /* marvel */ = {
			isa = PBXGroup;
			children = (
				852956AB27B158A700B35A89 /* Configurations */,
				852956AA27B1589300B35A89 /* Resources */,
				852956AC27B158BB00B35A89 /* CORE */,
			);
			path = marvel;
			sourceTree = "<group>";
		};
		8529569027B1567300B35A89 /* marvelTests */ = {
			isa = PBXGroup;
			children = (
				8529569127B1567300B35A89 /* marvelTests.swift */,
			);
			path = marvelTests;
			sourceTree = "<group>";
		};
		8529569A27B1567400B35A89 /* marvelUITests */ = {
			isa = PBXGroup;
			children = (
				8529569B27B1567400B35A89 /* marvelUITests.swift */,
				8529569D27B1567400B35A89 /* marvelUITestsLaunchTests.swift */,
			);
			path = marvelUITests;
			sourceTree = "<group>";
		};
		852956AA27B1589300B35A89 /* Resources */ = {
			isa = PBXGroup;
			children = (
				8529568027B1567100B35A89 /* marvel.xcdatamodeld */,
				8529568327B1567300B35A89 /* Assets.xcassets */,
			);
			path = Resources;
			sourceTree = "<group>";
		};
		852956AB27B158A700B35A89 /* Configurations */ = {
			isa = PBXGroup;
			children = (
				8529568827B1567300B35A89 /* Info.plist */,
				8529567727B1567100B35A89 /* AppDelegate.swift */,
			);
			path = Configurations;
			sourceTree = "<group>";
		};
		852956AC27B158BB00B35A89 /* CORE */ = {
			isa = PBXGroup;
			children = (
				852956B127B158E500B35A89 /* Models */,
				852956B027B158DE00B35A89 /* Services */,
				852956AF27B158D500B35A89 /* Helpers */,
				852956AD27B158C700B35A89 /* UI */,
			);
			path = CORE;
			sourceTree = "<group>";
		};
		852956AD27B158C700B35A89 /* UI */ = {
			isa = PBXGroup;
			children = (
				852956B427B1590B00B35A89 /* Cells */,
				852956B327B1590500B35A89 /* Controllers */,
				852956B227B158FA00B35A89 /* Storyboards */,
			);
			path = UI;
			sourceTree = "<group>";
		};
		852956AF27B158D500B35A89 /* Helpers */ = {
			isa = PBXGroup;
			children = (
				852956BC27B15B2E00B35A89 /* Constants */,
				852956BB27B15B2900B35A89 /* Extensions */,
			);
			path = Helpers;
			sourceTree = "<group>";
		};
		852956B027B158DE00B35A89 /* Services */ = {
			isa = PBXGroup;
			children = (
			);
			path = Services;
			sourceTree = "<group>";
		};
		852956B127B158E500B35A89 /* Models */ = {
			isa = PBXGroup;
			children = (
			);
			path = Models;
			sourceTree = "<group>";
		};
		852956B227B158FA00B35A89 /* Storyboards */ = {
			isa = PBXGroup;
			children = (
				8529568527B1567300B35A89 /* LaunchScreen.storyboard */,
				8529567D27B1567100B35A89 /* Main.storyboard */,
			);
			path = Storyboards;
			sourceTree = "<group>";
		};
		852956B327B1590500B35A89 /* Controllers */ = {
			isa = PBXGroup;
			children = (
				852956B527B1597A00B35A89 /* ComicsListController.swift */,
				852956B727B1598900B35A89 /* ComicDetailsController.swift */,
			);
			path = Controllers;
			sourceTree = "<group>";
		};
		852956B427B1590B00B35A89 /* Cells */ = {
			isa = PBXGroup;
			children = (
				85DFE62127B31711004DA176 /* ComicCell */,
			);
			path = Cells;
			sourceTree = "<group>";
		};
		852956BB27B15B2900B35A89 /* Extensions */ = {
			isa = PBXGroup;
			children = (
				852956C227B15C7200B35A89 /* UIViewController.Extensions.swift */,
				85DFE62627B32026004DA176 /* UICollectionView.Extensions.swift */,
				85DFE62827B32067004DA176 /* String.Extensions.swift */,
			);
			path = Extensions;
			sourceTree = "<group>";
		};
		852956BC27B15B2E00B35A89 /* Constants */ = {
			isa = PBXGroup;
			children = (
				852956BD27B15B6C00B35A89 /* Storyboard.Constants.swift */,
				852956BF27B15B8300B35A89 /* Constants.swift */,
			);
			path = Constants;
			sourceTree = "<group>";
		};
		85DFE62127B31711004DA176 /* ComicCell */ = {
			isa = PBXGroup;
			children = (
				85DFE62227B31732004DA176 /* ComicCell.swift */,
				85DFE62327B31732004DA176 /* ComicCell.xib */,
			);
			path = ComicCell;
			sourceTree = "<group>";
		};
		DB3F68180686A3DDCB845DA5 /* Pods */ = {
			isa = PBXGroup;
			children = (
				3A6C0B7908BED10754464D79 /* Pods-marvel.debug.xcconfig */,
				7D823D2D12AD33A6123ADB13 /* Pods-marvel.release.xcconfig */,
			);
			path = Pods;
			sourceTree = "<group>";
		};
/* End PBXGroup section */

/* Begin PBXNativeTarget section */
		8529567327B1567100B35A89 /* marvel */ = {
			isa = PBXNativeTarget;
			buildConfigurationList = 852956A127B1567400B35A89 /* Build configuration list for PBXNativeTarget "marvel" */;
			buildPhases = (
				AA032E180BE677071583454E /* [CP] Check Pods Manifest.lock */,
				8529567027B1567100B35A89 /* Sources */,
				8529567127B1567100B35A89 /* Frameworks */,
				8529567227B1567100B35A89 /* Resources */,
			);
			buildRules = (
			);
			dependencies = (
			);
			name = marvel;
			productName = marvel;
			productReference = 8529567427B1567100B35A89 /* marvel.app */;
			productType = "com.apple.product-type.application";
		};
		8529568C27B1567300B35A89 /* marvelTests */ = {
			isa = PBXNativeTarget;
			buildConfigurationList = 852956A427B1567400B35A89 /* Build configuration list for PBXNativeTarget "marvelTests" */;
			buildPhases = (
				8529568927B1567300B35A89 /* Sources */,
				8529568A27B1567300B35A89 /* Frameworks */,
				8529568B27B1567300B35A89 /* Resources */,
			);
			buildRules = (
			);
			dependencies = (
				8529568F27B1567300B35A89 /* PBXTargetDependency */,
			);
			name = marvelTests;
			productName = marvelTests;
			productReference = 8529568D27B1567300B35A89 /* marvelTests.xctest */;
			productType = "com.apple.product-type.bundle.unit-test";
		};
		8529569627B1567400B35A89 /* marvelUITests */ = {
			isa = PBXNativeTarget;
			buildConfigurationList = 852956A727B1567400B35A89 /* Build configuration list for PBXNativeTarget "marvelUITests" */;
			buildPhases = (
				8529569327B1567400B35A89 /* Sources */,
				8529569427B1567400B35A89 /* Frameworks */,
				8529569527B1567400B35A89 /* Resources */,
			);
			buildRules = (
			);
			dependencies = (
				8529569927B1567400B35A89 /* PBXTargetDependency */,
			);
			name = marvelUITests;
			productName = marvelUITests;
			productReference = 8529569727B1567400B35A89 /* marvelUITests.xctest */;
			productType = "com.apple.product-type.bundle.ui-testing";
		};
/* End PBXNativeTarget section */

/* Begin PBXProject section */
		8529566C27B1567100B35A89 /* Project object */ = {
			isa = PBXProject;
			attributes = {
				BuildIndependentTargetsInParallel = 1;
				LastSwiftUpdateCheck = 1330;
				LastUpgradeCheck = 1330;
				TargetAttributes = {
					8529567327B1567100B35A89 = {
						CreatedOnToolsVersion = 13.3;
					};
					8529568C27B1567300B35A89 = {
						CreatedOnToolsVersion = 13.3;
						TestTargetID = 8529567327B1567100B35A89;
					};
					8529569627B1567400B35A89 = {
						CreatedOnToolsVersion = 13.3;
						TestTargetID = 8529567327B1567100B35A89;
					};
				};
			};
			buildConfigurationList = 8529566F27B1567100B35A89 /* Build configuration list for PBXProject "marvel" */;
			compatibilityVersion = "Xcode 13.0";
			developmentRegion = en;
			hasScannedForEncodings = 0;
			knownRegions = (
				en,
				Base,
			);
			mainGroup = 8529566B27B1567100B35A89;
			productRefGroup = 8529567527B1567100B35A89 /* Products */;
			projectDirPath = "";
			projectRoot = "";
			targets = (
				8529567327B1567100B35A89 /* marvel */,
				8529568C27B1567300B35A89 /* marvelTests */,
				8529569627B1567400B35A89 /* marvelUITests */,
			);
		};
/* End PBXProject section */

/* Begin PBXResourcesBuildPhase section */
		8529567227B1567100B35A89 /* Resources */ = {
			isa = PBXResourcesBuildPhase;
			buildActionMask = 2147483647;
			files = (
				8529568727B1567300B35A89 /* LaunchScreen.storyboard in Resources */,
				85DFE62527B31732004DA176 /* ComicCell.xib in Resources */,
				8529568427B1567300B35A89 /* Assets.xcassets in Resources */,
				8529567F27B1567100B35A89 /* Main.storyboard in Resources */,
			);
			runOnlyForDeploymentPostprocessing = 0;
		};
		8529568B27B1567300B35A89 /* Resources */ = {
			isa = PBXResourcesBuildPhase;
			buildActionMask = 2147483647;
			files = (
			);
			runOnlyForDeploymentPostprocessing = 0;
		};
		8529569527B1567400B35A89 /* Resources */ = {
			isa = PBXResourcesBuildPhase;
			buildActionMask = 2147483647;
			files = (
			);
			runOnlyForDeploymentPostprocessing = 0;
		};
/* End PBXResourcesBuildPhase section */

/* Begin PBXShellScriptBuildPhase section */
		AA032E180BE677071583454E /* [CP] Check Pods Manifest.lock */ = {
			isa = PBXShellScriptBuildPhase;
			buildActionMask = 2147483647;
			files = (
			);
			inputFileListPaths = (
			);
			inputPaths = (
				"${PODS_PODFILE_DIR_PATH}/Podfile.lock",
				"${PODS_ROOT}/Manifest.lock",
			);
			name = "[CP] Check Pods Manifest.lock";
			outputFileListPaths = (
			);
			outputPaths = (
				"$(DERIVED_FILE_DIR)/Pods-marvel-checkManifestLockResult.txt",
			);
			runOnlyForDeploymentPostprocessing = 0;
			shellPath = /bin/sh;
			shellScript = "diff \"${PODS_PODFILE_DIR_PATH}/Podfile.lock\" \"${PODS_ROOT}/Manifest.lock\" > /dev/null\nif [ $? != 0 ] ; then\n    # print error to STDERR\n    echo \"error: The sandbox is not in sync with the Podfile.lock. Run 'pod install' or update your CocoaPods installation.\" >&2\n    exit 1\nfi\n# This output is used by Xcode 'outputs' to avoid re-running this script phase.\necho \"SUCCESS\" > \"${SCRIPT_OUTPUT_FILE_0}\"\n";
			showEnvVarsInLog = 0;
		};
/* End PBXShellScriptBuildPhase section */

/* Begin PBXSourcesBuildPhase section */
		8529567027B1567100B35A89 /* Sources */ = {
			isa = PBXSourcesBuildPhase;
			buildActionMask = 2147483647;
			files = (
				85DFE62727B32026004DA176 /* UICollectionView.Extensions.swift in Sources */,
				85DFE62927B32067004DA176 /* String.Extensions.swift in Sources */,
				852956BE27B15B6C00B35A89 /* Storyboard.Constants.swift in Sources */,
				852956B827B1598900B35A89 /* ComicDetailsController.swift in Sources */,
				8529567827B1567100B35A89 /* AppDelegate.swift in Sources */,
				852956C327B15C7200B35A89 /* UIViewController.Extensions.swift in Sources */,
				8529568227B1567100B35A89 /* marvel.xcdatamodeld in Sources */,
				85DFE62427B31732004DA176 /* ComicCell.swift in Sources */,
				852956B627B1597A00B35A89 /* ComicsListController.swift in Sources */,
				852956C027B15B8300B35A89 /* Constants.swift in Sources */,
			);
			runOnlyForDeploymentPostprocessing = 0;
		};
		8529568927B1567300B35A89 /* Sources */ = {
			isa = PBXSourcesBuildPhase;
			buildActionMask = 2147483647;
			files = (
				8529569227B1567300B35A89 /* marvelTests.swift in Sources */,
			);
			runOnlyForDeploymentPostprocessing = 0;
		};
		8529569327B1567400B35A89 /* Sources */ = {
			isa = PBXSourcesBuildPhase;
			buildActionMask = 2147483647;
			files = (
				8529569C27B1567400B35A89 /* marvelUITests.swift in Sources */,
				8529569E27B1567400B35A89 /* marvelUITestsLaunchTests.swift in Sources */,
			);
			runOnlyForDeploymentPostprocessing = 0;
		};
/* End PBXSourcesBuildPhase section */

/* Begin PBXTargetDependency section */
		8529568F27B1567300B35A89 /* PBXTargetDependency */ = {
			isa = PBXTargetDependency;
			target = 8529567327B1567100B35A89 /* marvel */;
			targetProxy = 8529568E27B1567300B35A89 /* PBXContainerItemProxy */;
		};
		8529569927B1567400B35A89 /* PBXTargetDependency */ = {
			isa = PBXTargetDependency;
			target = 8529567327B1567100B35A89 /* marvel */;
			targetProxy = 8529569827B1567400B35A89 /* PBXContainerItemProxy */;
		};
/* End PBXTargetDependency section */

/* Begin PBXVariantGroup section */
		8529567D27B1567100B35A89 /* Main.storyboard */ = {
			isa = PBXVariantGroup;
			children = (
				8529567E27B1567100B35A89 /* Base */,
			);
			name = Main.storyboard;
			sourceTree = "<group>";
		};
		8529568527B1567300B35A89 /* LaunchScreen.storyboard */ = {
			isa = PBXVariantGroup;
			children = (
				8529568627B1567300B35A89 /* Base */,
			);
			name = LaunchScreen.storyboard;
			sourceTree = "<group>";
		};
/* End PBXVariantGroup section */

/* Begin XCBuildConfiguration section */
		8529569F27B1567400B35A89 /* Debug */ = {
			isa = XCBuildConfiguration;
			buildSettings = {
				ALWAYS_SEARCH_USER_PATHS = NO;
				CLANG_ANALYZER_NONNULL = YES;
				CLANG_ANALYZER_NUMBER_OBJECT_CONVERSION = YES_AGGRESSIVE;
				CLANG_CXX_LANGUAGE_STANDARD = "gnu++17";
				CLANG_ENABLE_MODULES = YES;
				CLANG_ENABLE_OBJC_ARC = YES;
				CLANG_ENABLE_OBJC_WEAK = YES;
				CLANG_WARN_BLOCK_CAPTURE_AUTORELEASING = YES;
				CLANG_WARN_BOOL_CONVERSION = YES;
				CLANG_WARN_COMMA = YES;
				CLANG_WARN_CONSTANT_CONVERSION = YES;
				CLANG_WARN_DEPRECATED_OBJC_IMPLEMENTATIONS = YES;
				CLANG_WARN_DIRECT_OBJC_ISA_USAGE = YES_ERROR;
				CLANG_WARN_DOCUMENTATION_COMMENTS = YES;
				CLANG_WARN_EMPTY_BODY = YES;
				CLANG_WARN_ENUM_CONVERSION = YES;
				CLANG_WARN_INFINITE_RECURSION = YES;
				CLANG_WARN_INT_CONVERSION = YES;
				CLANG_WARN_NON_LITERAL_NULL_CONVERSION = YES;
				CLANG_WARN_OBJC_IMPLICIT_RETAIN_SELF = YES;
				CLANG_WARN_OBJC_LITERAL_CONVERSION = YES;
				CLANG_WARN_OBJC_ROOT_CLASS = YES_ERROR;
				CLANG_WARN_QUOTED_INCLUDE_IN_FRAMEWORK_HEADER = YES;
				CLANG_WARN_RANGE_LOOP_ANALYSIS = YES;
				CLANG_WARN_STRICT_PROTOTYPES = YES;
				CLANG_WARN_SUSPICIOUS_MOVE = YES;
				CLANG_WARN_UNGUARDED_AVAILABILITY = YES_AGGRESSIVE;
				CLANG_WARN_UNREACHABLE_CODE = YES;
				CLANG_WARN__DUPLICATE_METHOD_MATCH = YES;
				COPY_PHASE_STRIP = NO;
				DEBUG_INFORMATION_FORMAT = dwarf;
				ENABLE_STRICT_OBJC_MSGSEND = YES;
				ENABLE_TESTABILITY = YES;
				GCC_C_LANGUAGE_STANDARD = gnu11;
				GCC_DYNAMIC_NO_PIC = NO;
				GCC_NO_COMMON_BLOCKS = YES;
				GCC_OPTIMIZATION_LEVEL = 0;
				GCC_PREPROCESSOR_DEFINITIONS = (
					"DEBUG=1",
					"$(inherited)",
				);
				GCC_WARN_64_TO_32_BIT_CONVERSION = YES;
				GCC_WARN_ABOUT_RETURN_TYPE = YES_ERROR;
				GCC_WARN_UNDECLARED_SELECTOR = YES;
				GCC_WARN_UNINITIALIZED_AUTOS = YES_AGGRESSIVE;
				GCC_WARN_UNUSED_FUNCTION = YES;
				GCC_WARN_UNUSED_VARIABLE = YES;
				IPHONEOS_DEPLOYMENT_TARGET = 15.4;
				MTL_ENABLE_DEBUG_INFO = INCLUDE_SOURCE;
				MTL_FAST_MATH = YES;
				ONLY_ACTIVE_ARCH = YES;
				SDKROOT = iphoneos;
				SWIFT_ACTIVE_COMPILATION_CONDITIONS = DEBUG;
				SWIFT_OPTIMIZATION_LEVEL = "-Onone";
			};
			name = Debug;
		};
		852956A027B1567400B35A89 /* Release */ = {
			isa = XCBuildConfiguration;
			buildSettings = {
				ALWAYS_SEARCH_USER_PATHS = NO;
				CLANG_ANALYZER_NONNULL = YES;
				CLANG_ANALYZER_NUMBER_OBJECT_CONVERSION = YES_AGGRESSIVE;
				CLANG_CXX_LANGUAGE_STANDARD = "gnu++17";
				CLANG_ENABLE_MODULES = YES;
				CLANG_ENABLE_OBJC_ARC = YES;
				CLANG_ENABLE_OBJC_WEAK = YES;
				CLANG_WARN_BLOCK_CAPTURE_AUTORELEASING = YES;
				CLANG_WARN_BOOL_CONVERSION = YES;
				CLANG_WARN_COMMA = YES;
				CLANG_WARN_CONSTANT_CONVERSION = YES;
				CLANG_WARN_DEPRECATED_OBJC_IMPLEMENTATIONS = YES;
				CLANG_WARN_DIRECT_OBJC_ISA_USAGE = YES_ERROR;
				CLANG_WARN_DOCUMENTATION_COMMENTS = YES;
				CLANG_WARN_EMPTY_BODY = YES;
				CLANG_WARN_ENUM_CONVERSION = YES;
				CLANG_WARN_INFINITE_RECURSION = YES;
				CLANG_WARN_INT_CONVERSION = YES;
				CLANG_WARN_NON_LITERAL_NULL_CONVERSION = YES;
				CLANG_WARN_OBJC_IMPLICIT_RETAIN_SELF = YES;
				CLANG_WARN_OBJC_LITERAL_CONVERSION = YES;
				CLANG_WARN_OBJC_ROOT_CLASS = YES_ERROR;
				CLANG_WARN_QUOTED_INCLUDE_IN_FRAMEWORK_HEADER = YES;
				CLANG_WARN_RANGE_LOOP_ANALYSIS = YES;
				CLANG_WARN_STRICT_PROTOTYPES = YES;
				CLANG_WARN_SUSPICIOUS_MOVE = YES;
				CLANG_WARN_UNGUARDED_AVAILABILITY = YES_AGGRESSIVE;
				CLANG_WARN_UNREACHABLE_CODE = YES;
				CLANG_WARN__DUPLICATE_METHOD_MATCH = YES;
				COPY_PHASE_STRIP = NO;
				DEBUG_INFORMATION_FORMAT = "dwarf-with-dsym";
				ENABLE_NS_ASSERTIONS = NO;
				ENABLE_STRICT_OBJC_MSGSEND = YES;
				GCC_C_LANGUAGE_STANDARD = gnu11;
				GCC_NO_COMMON_BLOCKS = YES;
				GCC_WARN_64_TO_32_BIT_CONVERSION = YES;
				GCC_WARN_ABOUT_RETURN_TYPE = YES_ERROR;
				GCC_WARN_UNDECLARED_SELECTOR = YES;
				GCC_WARN_UNINITIALIZED_AUTOS = YES_AGGRESSIVE;
				GCC_WARN_UNUSED_FUNCTION = YES;
				GCC_WARN_UNUSED_VARIABLE = YES;
				IPHONEOS_DEPLOYMENT_TARGET = 15.4;
				MTL_ENABLE_DEBUG_INFO = NO;
				MTL_FAST_MATH = YES;
				SDKROOT = iphoneos;
				SWIFT_COMPILATION_MODE = wholemodule;
				SWIFT_OPTIMIZATION_LEVEL = "-O";
				VALIDATE_PRODUCT = YES;
			};
			name = Release;
		};
		852956A227B1567400B35A89 /* Debug */ = {
			isa = XCBuildConfiguration;
			baseConfigurationReference = 3A6C0B7908BED10754464D79 /* Pods-marvel.debug.xcconfig */;
			buildSettings = {
				ASSETCATALOG_COMPILER_ALTERNATE_APPICON_NAMES = "";
				ASSETCATALOG_COMPILER_APPICON_NAME = AppIcon;
				ASSETCATALOG_COMPILER_GLOBAL_ACCENT_COLOR_NAME = AccentColor;
				ASSETCATALOG_COMPILER_INCLUDE_ALL_APPICON_ASSETS = YES;
				CODE_SIGN_STYLE = Automatic;
				CURRENT_PROJECT_VERSION = 1;
				DEVELOPMENT_TEAM = D8L4KTPGCD;
				GENERATE_INFOPLIST_FILE = YES;
				INFOPLIST_FILE = marvel/Configurations/Info.plist;
				INFOPLIST_KEY_UIApplicationSupportsIndirectInputEvents = YES;
				INFOPLIST_KEY_UILaunchStoryboardName = LaunchScreen;
				INFOPLIST_KEY_UIMainStoryboardFile = Main;
				INFOPLIST_KEY_UISupportedInterfaceOrientations_iPad = "UIInterfaceOrientationPortrait UIInterfaceOrientationPortraitUpsideDown UIInterfaceOrientationLandscapeLeft UIInterfaceOrientationLandscapeRight";
				INFOPLIST_KEY_UISupportedInterfaceOrientations_iPhone = "UIInterfaceOrientationPortrait UIInterfaceOrientationLandscapeLeft UIInterfaceOrientationLandscapeRight";
				IPHONEOS_DEPLOYMENT_TARGET = 13.0;
				LD_RUNPATH_SEARCH_PATHS = (
					"$(inherited)",
					"@executable_path/Frameworks",
				);
				MARKETING_VERSION = 1.0;
				PRODUCT_BUNDLE_IDENTIFIER = com.fandom.marvel;
				PRODUCT_NAME = "$(TARGET_NAME)";
				SWIFT_EMIT_LOC_STRINGS = YES;
				SWIFT_VERSION = 5.0;
				TARGETED_DEVICE_FAMILY = 1;
			};
			name = Debug;
		};
		852956A327B1567400B35A89 /* Release */ = {
			isa = XCBuildConfiguration;
			baseConfigurationReference = 7D823D2D12AD33A6123ADB13 /* Pods-marvel.release.xcconfig */;
			buildSettings = {
				ASSETCATALOG_COMPILER_ALTERNATE_APPICON_NAMES = "";
				ASSETCATALOG_COMPILER_APPICON_NAME = AppIcon;
				ASSETCATALOG_COMPILER_GLOBAL_ACCENT_COLOR_NAME = AccentColor;
				ASSETCATALOG_COMPILER_INCLUDE_ALL_APPICON_ASSETS = YES;
				CODE_SIGN_STYLE = Automatic;
				CURRENT_PROJECT_VERSION = 1;
				DEVELOPMENT_TEAM = D8L4KTPGCD;
				GENERATE_INFOPLIST_FILE = YES;
				INFOPLIST_FILE = marvel/Configurations/Info.plist;
				INFOPLIST_KEY_UIApplicationSupportsIndirectInputEvents = YES;
				INFOPLIST_KEY_UILaunchStoryboardName = LaunchScreen;
				INFOPLIST_KEY_UIMainStoryboardFile = Main;
				INFOPLIST_KEY_UISupportedInterfaceOrientations_iPad = "UIInterfaceOrientationPortrait UIInterfaceOrientationPortraitUpsideDown UIInterfaceOrientationLandscapeLeft UIInterfaceOrientationLandscapeRight";
				INFOPLIST_KEY_UISupportedInterfaceOrientations_iPhone = "UIInterfaceOrientationPortrait UIInterfaceOrientationLandscapeLeft UIInterfaceOrientationLandscapeRight";
				IPHONEOS_DEPLOYMENT_TARGET = 13.0;
				LD_RUNPATH_SEARCH_PATHS = (
					"$(inherited)",
					"@executable_path/Frameworks",
				);
				MARKETING_VERSION = 1.0;
				PRODUCT_BUNDLE_IDENTIFIER = com.fandom.marvel;
				PRODUCT_NAME = "$(TARGET_NAME)";
				SWIFT_EMIT_LOC_STRINGS = YES;
				SWIFT_VERSION = 5.0;
				TARGETED_DEVICE_FAMILY = 1;
			};
			name = Release;
		};
		852956A527B1567400B35A89 /* Debug */ = {
			isa = XCBuildConfiguration;
			buildSettings = {
				ALWAYS_EMBED_SWIFT_STANDARD_LIBRARIES = YES;
				BUNDLE_LOADER = "$(TEST_HOST)";
				CODE_SIGN_STYLE = Automatic;
				CURRENT_PROJECT_VERSION = 1;
				DEVELOPMENT_TEAM = D8L4KTPGCD;
				GENERATE_INFOPLIST_FILE = YES;
				IPHONEOS_DEPLOYMENT_TARGET = 15.4;
				MARKETING_VERSION = 1.0;
				PRODUCT_BUNDLE_IDENTIFIER = com.fandom.marvelTests;
				PRODUCT_NAME = "$(TARGET_NAME)";
				SWIFT_EMIT_LOC_STRINGS = NO;
				SWIFT_VERSION = 5.0;
				TARGETED_DEVICE_FAMILY = "1,2";
				TEST_HOST = "$(BUILT_PRODUCTS_DIR)/marvel.app/marvel";
			};
			name = Debug;
		};
		852956A627B1567400B35A89 /* Release */ = {
			isa = XCBuildConfiguration;
			buildSettings = {
				ALWAYS_EMBED_SWIFT_STANDARD_LIBRARIES = YES;
				BUNDLE_LOADER = "$(TEST_HOST)";
				CODE_SIGN_STYLE = Automatic;
				CURRENT_PROJECT_VERSION = 1;
				DEVELOPMENT_TEAM = D8L4KTPGCD;
				GENERATE_INFOPLIST_FILE = YES;
				IPHONEOS_DEPLOYMENT_TARGET = 15.4;
				MARKETING_VERSION = 1.0;
				PRODUCT_BUNDLE_IDENTIFIER = com.fandom.marvelTests;
				PRODUCT_NAME = "$(TARGET_NAME)";
				SWIFT_EMIT_LOC_STRINGS = NO;
				SWIFT_VERSION = 5.0;
				TARGETED_DEVICE_FAMILY = "1,2";
				TEST_HOST = "$(BUILT_PRODUCTS_DIR)/marvel.app/marvel";
			};
			name = Release;
		};
		852956A827B1567400B35A89 /* Debug */ = {
			isa = XCBuildConfiguration;
			buildSettings = {
				ALWAYS_EMBED_SWIFT_STANDARD_LIBRARIES = YES;
				CODE_SIGN_STYLE = Automatic;
				CURRENT_PROJECT_VERSION = 1;
				DEVELOPMENT_TEAM = D8L4KTPGCD;
				GENERATE_INFOPLIST_FILE = YES;
				MARKETING_VERSION = 1.0;
				PRODUCT_BUNDLE_IDENTIFIER = com.fandom.marvelUITests;
				PRODUCT_NAME = "$(TARGET_NAME)";
				SWIFT_EMIT_LOC_STRINGS = NO;
				SWIFT_VERSION = 5.0;
				TARGETED_DEVICE_FAMILY = "1,2";
				TEST_TARGET_NAME = marvel;
			};
			name = Debug;
		};
		852956A927B1567400B35A89 /* Release */ = {
			isa = XCBuildConfiguration;
			buildSettings = {
				ALWAYS_EMBED_SWIFT_STANDARD_LIBRARIES = YES;
				CODE_SIGN_STYLE = Automatic;
				CURRENT_PROJECT_VERSION = 1;
				DEVELOPMENT_TEAM = D8L4KTPGCD;
				GENERATE_INFOPLIST_FILE = YES;
				MARKETING_VERSION = 1.0;
				PRODUCT_BUNDLE_IDENTIFIER = com.fandom.marvelUITests;
				PRODUCT_NAME = "$(TARGET_NAME)";
				SWIFT_EMIT_LOC_STRINGS = NO;
				SWIFT_VERSION = 5.0;
				TARGETED_DEVICE_FAMILY = "1,2";
				TEST_TARGET_NAME = marvel;
			};
			name = Release;
		};
/* End XCBuildConfiguration section */

/* Begin XCConfigurationList section */
		8529566F27B1567100B35A89 /* Build configuration list for PBXProject "marvel" */ = {
			isa = XCConfigurationList;
			buildConfigurations = (
				8529569F27B1567400B35A89 /* Debug */,
				852956A027B1567400B35A89 /* Release */,
			);
			defaultConfigurationIsVisible = 0;
			defaultConfigurationName = Release;
		};
		852956A127B1567400B35A89 /* Build configuration list for PBXNativeTarget "marvel" */ = {
			isa = XCConfigurationList;
			buildConfigurations = (
				852956A227B1567400B35A89 /* Debug */,
				852956A327B1567400B35A89 /* Release */,
			);
			defaultConfigurationIsVisible = 0;
			defaultConfigurationName = Release;
		};
		852956A427B1567400B35A89 /* Build configuration list for PBXNativeTarget "marvelTests" */ = {
			isa = XCConfigurationList;
			buildConfigurations = (
				852956A527B1567400B35A89 /* Debug */,
				852956A627B1567400B35A89 /* Release */,
			);
			defaultConfigurationIsVisible = 0;
			defaultConfigurationName = Release;
		};
		852956A727B1567400B35A89 /* Build configuration list for PBXNativeTarget "marvelUITests" */ = {
			isa = XCConfigurationList;
			buildConfigurations = (
				852956A827B1567400B35A89 /* Debug */,
				852956A927B1567400B35A89 /* Release */,
			);
			defaultConfigurationIsVisible = 0;
			defaultConfigurationName = Release;
		};
/* End XCConfigurationList section */

/* Begin XCVersionGroup section */
		8529568027B1567100B35A89 /* marvel.xcdatamodeld */ = {
			isa = XCVersionGroup;
			children = (
				8529568127B1567100B35A89 /* marvel.xcdatamodel */,
			);
			currentVersion = 8529568127B1567100B35A89 /* marvel.xcdatamodel */;
			path = marvel.xcdatamodeld;
			sourceTree = "<group>";
			versionGroupType = wrapper.xcdatamodel;
		};
/* End XCVersionGroup section */
	};
	rootObject = 8529566C27B1567100B35A89 /* Project object */;
}
